<?xml version="1.0" encoding="utf-8"?>
<Project ToolsVersion="4.0" xmlns="http://schemas.microsoft.com/developer/msbuild/2003">
  <ItemGroup>
    <Filter Include="Source Files">
      <UniqueIdentifier>{4FC737F1-C7A5-4376-A066-2A32D752A2FF}</UniqueIdentifier>
      <Extensions>cpp;c;cc;cxx;c++;cppm;ixx;def;odl;idl;hpj;bat;asm;asmx</Extensions>
    </Filter>
    <Filter Include="Header Files">
      <UniqueIdentifier>{93995380-89BD-4b04-88EB-625FBE52EBFB}</UniqueIdentifier>
      <Extensions>h;hh;hpp;hxx;h++;hm;inl;inc;ipp;xsd</Extensions>
    </Filter>
    <Filter Include="Resource Files">
      <UniqueIdentifier>{67DA6AB6-F800-4c08-8B7A-83BB121AAD01}</UniqueIdentifier>
      <Extensions>rc;ico;cur;bmp;dlg;rc2;rct;bin;rgs;gif;jpg;jpeg;jpe;resx;tiff;tif;png;wav;mfcribbon-ms</Extensions>
    </Filter>
    <Filter Include="Resource Files\Shaders">
      <UniqueIdentifier>{9f34baf9-5621-4db8-a17d-6878f3413603}</UniqueIdentifier>
    </Filter>
    <Filter Include="Resource Files\Shaders\Default">
      <UniqueIdentifier>{e5f2e506-cd24-466e-8b75-87f6cd1cc339}</UniqueIdentifier>
    </Filter>
    <Filter Include="Resource Files\Shaders\Lit">
      <UniqueIdentifier>{95f28562-9164-4aa0-a06e-0c6b85a04583}</UniqueIdentifier>
    </Filter>
    <Filter Include="Resource Files\Shaders\InvertedColor">
      <UniqueIdentifier>{f377274d-dd6b-4bc7-a8d7-8d1387545bf3}</UniqueIdentifier>
    </Filter>
  </ItemGroup>
  <ItemGroup>
    <None Include="Shaders\Default\Default.vert">
      <Filter>Resource Files\Shaders\Default</Filter>
    </None>
    <None Include="Shaders\Default\Default.frag">
      <Filter>Resource Files\Shaders\Default</Filter>
    </None>
    <None Include="Shaders\Lit\Lit.vert">
      <Filter>Resource Files\Shaders\Lit</Filter>
    </None>
    <None Include="Shaders\Lit\Lit.frag">
      <Filter>Resource Files\Shaders\Lit</Filter>
    </None>
    <None Include="Shaders\InvertedColor\InvertedColor.frag">
      <Filter>Resource Files\Shaders\InvertedColor</Filter>
    </None>
    <None Include="Shaders\InvertedColor\InvertedColor.vert">
      <Filter>Resource Files\Shaders\InvertedColor</Filter>
    </None>
  </ItemGroup>
  <ItemGroup>
    <ClInclude Include="Geometry.h">
      <Filter>Header Files</Filter>
    </ClInclude>
    <ClInclude Include="Light.h">
      <Filter>Header Files</Filter>
    </ClInclude>
    <ClInclude Include="Mesh.h">
      <Filter>Header Files</Filter>
    </ClInclude>
    <ClInclude Include="MeshRenderer.h">
      <Filter>Header Files</Filter>
    </ClInclude>
    <ClInclude Include="Scene.h">
      <Filter>Header Files</Filter>
    </ClInclude>
    <ClInclude Include="Shader.h">
      <Filter>Header Files</Filter>
    </ClInclude>
    <ClInclude Include="Camera.h">
      <Filter>Header Files</Filter>
    </ClInclude>
    <ClInclude Include="Component.h">
      <Filter>Header Files</Filter>
    </ClInclude>
    <ClInclude Include="GameEngine.h">
      <Filter>Header Files</Filter>
    </ClInclude>
    <ClInclude Include="GameObject.h">
      <Filter>Header Files</Filter>
    </ClInclude>
    <ClInclude Include="Material.h">
      <Filter>Header Files</Filter>
    </ClInclude>
  </ItemGroup>
  <ItemGroup>
    <ClCompile Include="main.cpp">
      <Filter>Source Files</Filter>
    </ClCompile>
    <ClCompile Include="glad.c">
      <Filter>Source Files</Filter>
    </ClCompile>
  </ItemGroup>
</Project>